
Microsoft Visual Studio Solution File, Format Version 12.00
# Visual Studio 14
VisualStudioVersion = 14.0.25420.1
MinimumVisualStudioVersion = 10.0.40219.1
Project("{FAE04EC0-301F-11D3-BF4B-00C04F79EFBC}") = "Biblioteca_Jogos_mvc", "Biblioteca_Jogos_mvc\Biblioteca_Jogos_mvc.csproj", "{CF1E2ADB-3FC0-4CCC-9EF8-F5965E2B6099}"
EndProject
Global
	GlobalSection(SolutionConfigurationPlatforms) = preSolution
		Debug|Any CPU = Debug|Any CPU
		Release|Any CPU = Release|Any CPU
	EndGlobalSection
	GlobalSection(ProjectConfigurationPlatforms) = postSolution
		{CF1E2ADB-3FC0-4CCC-9EF8-F5965E2B6099}.Debug|Any CPU.ActiveCfg = Debug|Any CPU
		{CF1E2ADB-3FC0-4CCC-9EF8-F5965E2B6099}.Debug|Any CPU.Build.0 = Debug|Any CPU
		{CF1E2ADB-3FC0-4CCC-9EF8-F5965E2B6099}.Release|Any CPU.ActiveCfg = Release|Any CPU
		{CF1E2ADB-3FC0-4CCC-9EF8-F5965E2B6099}.Release|Any CPU.Build.0 = Release|Any CPU
	EndGlobalSection
	GlobalSection(SolutionProperties) = preSolution
		HideSolutionNode = FALSE
	EndGlobalSection
EndGlobal
